
Microsoft Visual Studio Solution File, Format Version 12.00
# Visual Studio Version 17
VisualStudioVersion = 17.0.32112.339
MinimumVisualStudioVersion = 10.0.40219.1
Project("{FAE04EC0-301F-11D3-BF4B-00C04F79EFBC}") = "Line Comparison", "Line Comparison.csproj", "{1231D1F7-6D99-4239-B135-1A18ECA8F430}"
EndProject
Global
	GlobalSection(SolutionConfigurationPlatforms) = preSolution
		Debug|Any CPU = Debug|Any CPU
		Release|Any CPU = Release|Any CPU
	EndGlobalSection
	GlobalSection(ProjectConfigurationPlatforms) = postSolution
		{1231D1F7-6D99-4239-B135-1A18ECA8F430}.Debug|Any CPU.ActiveCfg = Debug|Any CPU
		{1231D1F7-6D99-4239-B135-1A18ECA8F430}.Debug|Any CPU.Build.0 = Debug|Any CPU
		{1231D1F7-6D99-4239-B135-1A18ECA8F430}.Release|Any CPU.ActiveCfg = Release|Any CPU
		{1231D1F7-6D99-4239-B135-1A18ECA8F430}.Release|Any CPU.Build.0 = Release|Any CPU
	EndGlobalSection
	GlobalSection(SolutionProperties) = preSolution
		HideSolutionNode = FALSE
	EndGlobalSection
	GlobalSection(ExtensibilityGlobals) = postSolution
		SolutionGuid = {7903A23D-2CE8-45A6-A474-F78481D0AC3D}
	EndGlobalSection
EndGlobal
